// !$*UTF8*$!
{
	archiveVersion = 1;
	classes = {
	};
	objectVersion = 46;
	objects = {

/* Begin PBXBuildFile section */
		4682E3EB1E01E16E006961B9 /* AppDelegate.swift in Sources */ = {isa = PBXBuildFile; fileRef = 4682E3EA1E01E16E006961B9 /* AppDelegate.swift */; };
		4682E3ED1E01E16E006961B9 /* ViewController.swift in Sources */ = {isa = PBXBuildFile; fileRef = 4682E3EC1E01E16E006961B9 /* ViewController.swift */; };
		4682E3F01E01E16F006961B9 /* Main.storyboard in Resources */ = {isa = PBXBuildFile; fileRef = 4682E3EE1E01E16F006961B9 /* Main.storyboard */; };
		4682E3F21E01E16F006961B9 /* Assets.xcassets in Resources */ = {isa = PBXBuildFile; fileRef = 4682E3F11E01E16F006961B9 /* Assets.xcassets */; };
		4682E3F51E01E16F006961B9 /* LaunchScreen.storyboard in Resources */ = {isa = PBXBuildFile; fileRef = 4682E3F31E01E16F006961B9 /* LaunchScreen.storyboard */; };
/* End PBXBuildFile section */

/* Begin PBXFileReference section */
		4682E3E71E01E16E006961B9 /* Polluelator.app */ = {isa = PBXFileReference; explicitFileType = wrapper.application; includeInIndex = 0; path = Polluelator.app; sourceTree = BUILT_PRODUCTS_DIR; };
		4682E3EA1E01E16E006961B9 /* AppDelegate.swift */ = {isa = PBXFileReference; lastKnownFileType = sourcecode.swift; path = AppDelegate.swift; sourceTree = "<group>"; };
		4682E3EC1E01E16E006961B9 /* ViewController.swift */ = {isa = PBXFileReference; lastKnownFileType = sourcecode.swift; path = ViewController.swift; sourceTree = "<group>"; };
		4682E3EF1E01E16F006961B9 /* Base */ = {isa = PBXFileReference; lastKnownFileType = file.storyboard; name = Base; path = Base.lproj/Main.storyboard; sourceTree = "<group>"; };
		4682E3F11E01E16F006961B9 /* Assets.xcassets */ = {isa = PBXFileReference; lastKnownFileType = folder.assetcatalog; path = Assets.xcassets; sourceTree = "<group>"; };
		4682E3F41E01E16F006961B9 /* Base */ = {isa = PBXFileReference; lastKnownFileType = file.storyboard; name = Base; path = Base.lproj/LaunchScreen.storyboard; sourceTree = "<group>"; };
		4682E3F61E01E16F006961B9 /* Info.plist */ = {isa = PBXFileReference; lastKnownFileType = text.plist.xml; path = Info.plist; sourceTree = "<group>"; };
/* End PBXFileReference section */

/* Begin PBXFrameworksBuildPhase section */
		4682E3E41E01E16E006961B9 /* Frameworks */ = {
			isa = PBXFrameworksBuildPhase;
			buildActionMask = 2147483647;
			files = (
			);
			runOnlyForDeploymentPostprocessing = 0;
		};
/* End PBXFrameworksBuildPhase section */

/* Begin PBXGroup section */
		4682E3DE1E01E16E006961B9 = {
			isa = PBXGroup;
			children = (
				4682E3E91E01E16E006961B9 /* Polluelator */,
				4682E3E81E01E16E006961B9 /* Products */,
			);
			sourceTree = "<group>";
		};
		4682E3E81E01E16E006961B9 /* Products */ = {
			isa = PBXGroup;
			children = (
				4682E3E71E01E16E006961B9 /* Polluelator.app */,
			);
			name = Products;
			sourceTree = "<group>";
		};
		4682E3E91E01E16E006961B9 /* Polluelator */ = {
			isa = PBXGroup;
			children = (
				4682E3EA1E01E16E006961B9 /* AppDelegate.swift */,
				4682E3EC1E01E16E006961B9 /* ViewController.swift */,
				4682E3EE1E01E16F006961B9 /* Main.storyboard */,
				4682E3F11E01E16F006961B9 /* Assets.xcassets */,
				4682E3F31E01E16F006961B9 /* LaunchScreen.storyboard */,
				4682E3F61E01E16F006961B9 /* Info.plist */,
			);
			path = Polluelator;
			sourceTree = "<group>";
		};
/* End PBXGroup section */

/* Begin PBXNativeTarget section */
		4682E3E61E01E16E006961B9 /* Polluelator */ = {
			isa = PBXNativeTarget;
			buildConfigurationList = 4682E3F91E01E16F006961B9 /* Build configuration list for PBXNativeTarget "Polluelator" */;
			buildPhases = (
				4682E3E31E01E16E006961B9 /* Sources */,
				4682E3E41E01E16E006961B9 /* Frameworks */,
				4682E3E51E01E16E006961B9 /* Resources */,
			);
			buildRules = (
			);
			dependencies = (
			);
			name = Polluelator;
			productName = Polluelator;
			productReference = 4682E3E71E01E16E006961B9 /* Polluelator.app */;
			productType = "com.apple.product-type.application";
		};
/* End PBXNativeTarget section */

/* Begin PBXProject section */
		4682E3DF1E01E16E006961B9 /* Project object */ = {
			isa = PBXProject;
			attributes = {
				LastSwiftUpdateCheck = 0810;
				LastUpgradeCheck = 0810;
				ORGANIZATIONNAME = "Sergio López";
				TargetAttributes = {
					4682E3E61E01E16E006961B9 = {
						CreatedOnToolsVersion = 8.1;
						ProvisioningStyle = Automatic;
					};
				};
			};
			buildConfigurationList = 4682E3E21E01E16E006961B9 /* Build configuration list for PBXProject "Polluelator" */;
			compatibilityVersion = "Xcode 3.2";
			developmentRegion = English;
			hasScannedForEncodings = 0;
			knownRegions = (
				en,
				Base,
			);
			mainGroup = 4682E3DE1E01E16E006961B9;
			productRefGroup = 4682E3E81E01E16E006961B9 /* Products */;
			projectDirPath = "";
			projectRoot = "";
			targets = (
				4682E3E61E01E16E006961B9 /* Polluelator */,
			);
		};
/* End PBXProject section */

/* Begin PBXResourcesBuildPhase section */
		4682E3E51E01E16E006961B9 /* Resources */ = {
			isa = PBXResourcesBuildPhase;
			buildActionMask = 2147483647;
			files = (
				4682E3F51E01E16F006961B9 /* LaunchScreen.storyboard in Resources */,
				4682E3F21E01E16F006961B9 /* Assets.xcassets in Resources */,
				4682E3F01E01E16F006961B9 /* Main.storyboard in Resources */,
			);
			runOnlyForDeploymentPostprocessing = 0;
		};
/* End PBXResourcesBuildPhase section */

/* Begin PBXSourcesBuildPhase section */
		4682E3E31E01E16E006961B9 /* Sources */ = {
			isa = PBXSourcesBuildPhase;
			buildActionMask = 2147483647;
			files = (
				4682E3ED1E01E16E006961B9 /* ViewController.swift in Sources */,
				4682E3EB1E01E16E006961B9 /* AppDelegate.swift in Sources */,
			);
			runOnlyForDeploymentPostprocessing = 0;
		};
/* End PBXSourcesBuildPhase section */

/* Begin PBXVariantGroup section */
		4682E3EE1E01E16F006961B9 /* Main.storyboard */ = {
			isa = PBXVariantGroup;
			children = (
				4682E3EF1E01E16F006961B9 /* Base */,
			);
			name = Main.storyboard;
			sourceTree = "<group>";
		};
		4682E3F31E01E16F006961B9 /* LaunchScreen.storyboard */ = {
			isa = PBXVariantGroup;
			children = (
				4682E3F41E01E16F006961B9 /* Base */,
			);
			name = LaunchScreen.storyboard;
			sourceTree = "<group>";
		};
/* End PBXVariantGroup section */

/* Begin XCBuildConfiguration section */
		4682E3F71E01E16F006961B9 /* Debug */ = {
			isa = XCBuildConfiguration;
			buildSettings = {
				ALWAYS_SEARCH_USER_PATHS = NO;
				CLANG_ANALYZER_NONNULL = YES;
				CLANG_CXX_LANGUAGE_STANDARD = "gnu++0x";
				CLANG_CXX_LIBRARY = "libc++";
				CLANG_ENABLE_MODULES = YES;
				CLANG_ENABLE_OBJC_ARC = YES;
				CLANG_WARN_BOOL_CONVERSION = YES;
				CLANG_WARN_CONSTANT_CONVERSION = YES;
				CLANG_WARN_DIRECT_OBJC_ISA_USAGE = YES_ERROR;
				CLANG_WARN_DOCUMENTATION_COMMENTS = YES;
				CLANG_WARN_EMPTY_BODY = YES;
				CLANG_WARN_ENUM_CONVERSION = YES;
				CLANG_WARN_INFINITE_RECURSION = YES;
				CLANG_WARN_INT_CONVERSION = YES;
				CLANG_WARN_OBJC_ROOT_CLASS = YES_ERROR;
				CLANG_WARN_SUSPICIOUS_MOVES = YES;
				CLANG_WARN_UNREACHABLE_CODE = YES;
				CLANG_WARN__DUPLICATE_METHOD_MATCH = YES;
				"CODE_SIGN_IDENTITY[sdk=iphoneos*]" = "iPhone Developer";
				COPY_PHASE_STRIP = NO;
				DEBUG_INFORMATION_FORMAT = dwarf;
				ENABLE_STRICT_OBJC_MSGSEND = YES;
				ENABLE_TESTABILITY = YES;
				GCC_C_LANGUAGE_STANDARD = gnu99;
				GCC_DYNAMIC_NO_PIC = NO;
				GCC_NO_COMMON_BLOCKS = YES;
				GCC_OPTIMIZATION_LEVEL = 0;
				GCC_PREPROCESSOR_DEFINITIONS = (
					"DEBUG=1",
					"$(inherited)",
				);
				GCC_WARN_64_TO_32_BIT_CONVERSION = YES;
				GCC_WARN_ABOUT_RETURN_TYPE = YES_ERROR;
				GCC_WARN_UNDECLARED_SELECTOR = YES;
				GCC_WARN_UNINITIALIZED_AUTOS = YES_AGGRESSIVE;
				GCC_WARN_UNUSED_FUNCTION = YES;
				GCC_WARN_UNUSED_VARIABLE = YES;
				IPHONEOS_DEPLOYMENT_TARGET = 10.1;
				MTL_ENABLE_DEBUG_INFO = YES;
				ONLY_ACTIVE_ARCH = YES;
				SDKROOT = iphoneos;
				SWIFT_ACTIVE_COMPILATION_CONDITIONS = DEBUG;
				SWIFT_OPTIMIZATION_LEVEL = "-Onone";
				TARGETED_DEVICE_FAMILY = "1,2";
			};
			name = Debug;
		};
		4682E3F81E01E16F006961B9 /* Release */ = {
			isa = XCBuildConfiguration;
			buildSettings = {
				ALWAYS_SEARCH_USER_PATHS = NO;
				CLANG_ANALYZER_NONNULL = YES;
				CLANG_CXX_LANGUAGE_STANDARD = "gnu++0x";
				CLANG_CXX_LIBRARY = "libc++";
				CLANG_ENABLE_MODULES = YES;
				CLANG_ENABLE_OBJC_ARC = YES;
				CLANG_WARN_BOOL_CONVERSION = YES;
				CLANG_WARN_CONSTANT_CONVERSION = YES;
				CLANG_WARN_DIRECT_OBJC_ISA_USAGE = YES_ERROR;
				CLANG_WARN_DOCUMENTATION_COMMENTS = YES;
				CLANG_WARN_EMPTY_BODY = YES;
				CLANG_WARN_ENUM_CONVERSION = YES;
				CLANG_WARN_INFINITE_RECURSION = YES;
				CLANG_WARN_INT_CONVERSION = YES;
				CLANG_WARN_OBJC_ROOT_CLASS = YES_ERROR;
				CLANG_WARN_SUSPICIOUS_MOVES = YES;
				CLANG_WARN_UNREACHABLE_CODE = YES;
				CLANG_WARN__DUPLICATE_METHOD_MATCH = YES;
				"CODE_SIGN_IDENTITY[sdk=iphoneos*]" = "iPhone Developer";
				COPY_PHASE_STRIP = NO;
				DEBUG_INFORMATION_FORMAT = "dwarf-with-dsym";
				ENABLE_NS_ASSERTIONS = NO;
				ENABLE_STRICT_OBJC_MSGSEND = YES;
				GCC_C_LANGUAGE_STANDARD = gnu99;
				GCC_NO_COMMON_BLOCKS = YES;
				GCC_WARN_64_TO_32_BIT_CONVERSION = YES;
				GCC_WARN_ABOUT_RETURN_TYPE = YES_ERROR;
				GCC_WARN_UNDECLARED_SELECTOR = YES;
				GCC_WARN_UNINITIALIZED_AUTOS = YES_AGGRESSIVE;
				GCC_WARN_UNUSED_FUNCTION = YES;
				GCC_WARN_UNUSED_VARIABLE = YES;
				IPHONEOS_DEPLOYMENT_TARGET = 10.1;
				MTL_ENABLE_DEBUG_INFO = NO;
				SDKROOT = iphoneos;
				SWIFT_OPTIMIZATION_LEVEL = "-Owholemodule";
				TARGETED_DEVICE_FAMILY = "1,2";
				VALIDATE_PRODUCT = YES;
			};
			name = Release;
		};
		4682E3FA1E01E16F006961B9 /* Debug */ = {
			isa = XCBuildConfiguration;
			buildSettings = {
				ASSETCATALOG_COMPILER_APPICON_NAME = AppIcon;
				INFOPLIST_FILE = Polluelator/Info.plist;
				LD_RUNPATH_SEARCH_PATHS = "$(inherited) @executable_path/Frameworks";
				PRODUCT_BUNDLE_IDENTIFIER = SLP.Polluelator;
				PRODUCT_NAME = "$(TARGET_NAME)";
				SWIFT_VERSION = 3.0;
			};
			name = Debug;
		};
		4682E3FB1E01E16F006961B9 /* Release */ = {
			isa = XCBuildConfiguration;
			buildSettings = {
				ASSETCATALOG_COMPILER_APPICON_NAME = AppIcon;
				INFOPLIST_FILE = Polluelator/Info.plist;
				LD_RUNPATH_SEARCH_PATHS = "$(inherited) @executable_path/Frameworks";
				PRODUCT_BUNDLE_IDENTIFIER = SLP.Polluelator;
				PRODUCT_NAME = "$(TARGET_NAME)";
				SWIFT_VERSION = 3.0;
			};
			name = Release;
		};
/* End XCBuildConfiguration section */

/* Begin XCConfigurationList section */
		4682E3E21E01E16E006961B9 /* Build configuration list for PBXProject "Polluelator" */ = {
			isa = XCConfigurationList;
			buildConfigurations = (
				4682E3F71E01E16F006961B9 /* Debug */,
				4682E3F81E01E16F006961B9 /* Release */,
			);
			defaultConfigurationIsVisible = 0;
			defaultConfigurationName = Release;
		};
		4682E3F91E01E16F006961B9 /* Build configuration list for PBXNativeTarget "Polluelator" */ = {
			isa = XCConfigurationList;
			buildConfigurations = (
				4682E3FA1E01E16F006961B9 /* Debug */,
				4682E3FB1E01E16F006961B9 /* Release */,
			);
			defaultConfigurationIsVisible = 0;
		};
/* End XCConfigurationList section */
	};
	rootObject = 4682E3DF1E01E16E006961B9 /* Project object */;
}
